
Microsoft Visual Studio Solution File, Format Version 12.00
# Visual Studio Version 17
VisualStudioVersion = 17.4.33205.214
MinimumVisualStudioVersion = 10.0.40219.1
Project("{FAE04EC0-301F-11D3-BF4B-00C04F79EFBC}") = "BlazorWasmDemo.Server", "Server\BlazorWasmDemo.Server.csproj", "{54192B5F-088B-423D-9581-ADAFB90BB174}"
EndProject
Project("{FAE04EC0-301F-11D3-BF4B-00C04F79EFBC}") = "BlazorWasmDemo.Client", "Client\BlazorWasmDemo.Client.csproj", "{699BDE88-662B-4AE5-B4A0-ECED2D1E8B8B}"
EndProject
Project("{FAE04EC0-301F-11D3-BF4B-00C04F79EFBC}") = "BlazorWasmDemo.Shared", "Shared\BlazorWasmDemo.Shared.csproj", "{3CB4EEE2-3795-42F1-A0AC-533EA7379079}"
EndProject
Global
	GlobalSection(SolutionConfigurationPlatforms) = preSolution
		Debug|Any CPU = Debug|Any CPU
		Release|Any CPU = Release|Any CPU
	EndGlobalSection
	GlobalSection(ProjectConfigurationPlatforms) = postSolution
		{54192B5F-088B-423D-9581-ADAFB90BB174}.Debug|Any CPU.ActiveCfg = Debug|Any CPU
		{54192B5F-088B-423D-9581-ADAFB90BB174}.Debug|Any CPU.Build.0 = Debug|Any CPU
		{54192B5F-088B-423D-9581-ADAFB90BB174}.Release|Any CPU.ActiveCfg = Release|Any CPU
		{54192B5F-088B-423D-9581-ADAFB90BB174}.Release|Any CPU.Build.0 = Release|Any CPU
		{699BDE88-662B-4AE5-B4A0-ECED2D1E8B8B}.Debug|Any CPU.ActiveCfg = Debug|Any CPU
		{699BDE88-662B-4AE5-B4A0-ECED2D1E8B8B}.Debug|Any CPU.Build.0 = Debug|Any CPU
		{699BDE88-662B-4AE5-B4A0-ECED2D1E8B8B}.Release|Any CPU.ActiveCfg = Release|Any CPU
		{699BDE88-662B-4AE5-B4A0-ECED2D1E8B8B}.Release|Any CPU.Build.0 = Release|Any CPU
		{3CB4EEE2-3795-42F1-A0AC-533EA7379079}.Debug|Any CPU.ActiveCfg = Debug|Any CPU
		{3CB4EEE2-3795-42F1-A0AC-533EA7379079}.Debug|Any CPU.Build.0 = Debug|Any CPU
		{3CB4EEE2-3795-42F1-A0AC-533EA7379079}.Release|Any CPU.ActiveCfg = Release|Any CPU
		{3CB4EEE2-3795-42F1-A0AC-533EA7379079}.Release|Any CPU.Build.0 = Release|Any CPU
	EndGlobalSection
	GlobalSection(SolutionProperties) = preSolution
		HideSolutionNode = FALSE
	EndGlobalSection
	GlobalSection(ExtensibilityGlobals) = postSolution
		SolutionGuid = {1D2D0062-3288-4676-9C76-8DFD89DE1303}
	EndGlobalSection
EndGlobal
